
Microsoft Visual Studio Solution File, Format Version 12.00
# Visual Studio Version 17
VisualStudioVersion = 17.14.36717.8
MinimumVisualStudioVersion = 10.0.40219.1
Project("{FAE04EC0-301F-11D3-BF4B-00C04F79EFBC}") = "StudentResultManagementSystem", "StudentResultManagementSystem\StudentResultManagementSystem.csproj", "{3CF35AA9-CEDD-47BA-87D5-255FC1AB75A7}"
EndProject
Project("{FAE04EC0-301F-11D3-BF4B-00C04F79EFBC}") = "StudentResultManagementSystem.BusinessLogic", "StudentResultManagementSystem.BusinessLogic\StudentResultManagementSystem.BusinessLogic.csproj", "{7050AA15-B09D-488C-9E6C-08B75CEE26A8}"
EndProject
Project("{FAE04EC0-301F-11D3-BF4B-00C04F79EFBC}") = "StudentResultManagementSystem.Tests", "StudentResultManagementSystem.Tests\StudentResultManagementSystem.Tests.csproj", "{D5CF4A2C-F345-4EBB-8211-F0A110135B1D}"
EndProject
Project("{FAE04EC0-301F-11D3-BF4B-00C04F79EFBC}") = "StudentResultManagementSystem.Data", "StudentResultManagementSystem.Data\StudentResultManagementSystem.Data.csproj", "{11CFE28A-074B-424F-BF96-CD1B08B56D56}"
EndProject
Project("{FAE04EC0-301F-11D3-BF4B-00C04F79EFBC}") = "StudentResultManagementSystem.Contracts", "StudentResultManagementSystem.Contracts\StudentResultManagementSystem.Contracts.csproj", "{86C54BF8-510C-45E3-80D7-CFD510FC2854}"
EndProject
Global
	GlobalSection(SolutionConfigurationPlatforms) = preSolution
		Debug|Any CPU = Debug|Any CPU
		Release|Any CPU = Release|Any CPU
	EndGlobalSection
	GlobalSection(ProjectConfigurationPlatforms) = postSolution
		{3CF35AA9-CEDD-47BA-87D5-255FC1AB75A7}.Debug|Any CPU.ActiveCfg = Debug|Any CPU
		{3CF35AA9-CEDD-47BA-87D5-255FC1AB75A7}.Debug|Any CPU.Build.0 = Debug|Any CPU
		{3CF35AA9-CEDD-47BA-87D5-255FC1AB75A7}.Release|Any CPU.ActiveCfg = Release|Any CPU
		{3CF35AA9-CEDD-47BA-87D5-255FC1AB75A7}.Release|Any CPU.Build.0 = Release|Any CPU
		{7050AA15-B09D-488C-9E6C-08B75CEE26A8}.Debug|Any CPU.ActiveCfg = Debug|Any CPU
		{7050AA15-B09D-488C-9E6C-08B75CEE26A8}.Debug|Any CPU.Build.0 = Debug|Any CPU
		{7050AA15-B09D-488C-9E6C-08B75CEE26A8}.Release|Any CPU.ActiveCfg = Release|Any CPU
		{7050AA15-B09D-488C-9E6C-08B75CEE26A8}.Release|Any CPU.Build.0 = Release|Any CPU
		{D5CF4A2C-F345-4EBB-8211-F0A110135B1D}.Debug|Any CPU.ActiveCfg = Debug|Any CPU
		{D5CF4A2C-F345-4EBB-8211-F0A110135B1D}.Debug|Any CPU.Build.0 = Debug|Any CPU
		{D5CF4A2C-F345-4EBB-8211-F0A110135B1D}.Release|Any CPU.ActiveCfg = Release|Any CPU
		{D5CF4A2C-F345-4EBB-8211-F0A110135B1D}.Release|Any CPU.Build.0 = Release|Any CPU
		{11CFE28A-074B-424F-BF96-CD1B08B56D56}.Debug|Any CPU.ActiveCfg = Debug|Any CPU
		{11CFE28A-074B-424F-BF96-CD1B08B56D56}.Debug|Any CPU.Build.0 = Debug|Any CPU
		{11CFE28A-074B-424F-BF96-CD1B08B56D56}.Release|Any CPU.ActiveCfg = Release|Any CPU
		{11CFE28A-074B-424F-BF96-CD1B08B56D56}.Release|Any CPU.Build.0 = Release|Any CPU
		{86C54BF8-510C-45E3-80D7-CFD510FC2854}.Debug|Any CPU.ActiveCfg = Debug|Any CPU
		{86C54BF8-510C-45E3-80D7-CFD510FC2854}.Debug|Any CPU.Build.0 = Debug|Any CPU
		{86C54BF8-510C-45E3-80D7-CFD510FC2854}.Release|Any CPU.ActiveCfg = Release|Any CPU
		{86C54BF8-510C-45E3-80D7-CFD510FC2854}.Release|Any CPU.Build.0 = Release|Any CPU
	EndGlobalSection
	GlobalSection(SolutionProperties) = preSolution
		HideSolutionNode = FALSE
	EndGlobalSection
	GlobalSection(ExtensibilityGlobals) = postSolution
		SolutionGuid = {AE0DA5FA-A5C7-4868-A715-867E6D1A578A}
	EndGlobalSection
EndGlobal
